
Microsoft Visual Studio Solution File, Format Version 12.00
# Visual Studio Version 16
VisualStudioVersion = 16.0.33214.272
MinimumVisualStudioVersion = 10.0.40219.1
Project("{9A19103F-16F7-4668-BE54-9A1E7A4F7556}") = "AmsApi", "AmsApi\AmsApi.csproj", "{2D712A9D-8203-4C46-8EEC-2D76C9D9E33D}"
EndProject
Global
	GlobalSection(SolutionConfigurationPlatforms) = preSolution
		Debug|Any CPU = Debug|Any CPU
		Release|Any CPU = Release|Any CPU
	EndGlobalSection
	GlobalSection(ProjectConfigurationPlatforms) = postSolution
		{2D712A9D-8203-4C46-8EEC-2D76C9D9E33D}.Debug|Any CPU.ActiveCfg = Debug|Any CPU
		{2D712A9D-8203-4C46-8EEC-2D76C9D9E33D}.Debug|Any CPU.Build.0 = Debug|Any CPU
		{2D712A9D-8203-4C46-8EEC-2D76C9D9E33D}.Release|Any CPU.ActiveCfg = Release|Any CPU
		{2D712A9D-8203-4C46-8EEC-2D76C9D9E33D}.Release|Any CPU.Build.0 = Release|Any CPU
	EndGlobalSection
	GlobalSection(SolutionProperties) = preSolution
		HideSolutionNode = FALSE
	EndGlobalSection
	GlobalSection(ExtensibilityGlobals) = postSolution
		SolutionGuid = {CF3EEECA-BBEF-4344-99D2-2896B7786FF4}
	EndGlobalSection
EndGlobal
